#
# This file is autogenerated by pip-compile with Python 3.10
# by the following command:
#
#    pip-compile --allow-unsafe --build-deps-for=editable --constraint=requirements-constraints.txt --extra=dev --extra=llm --index-url=https://pypi.org/simple --no-index --output-file=requirements.lock --strip-extras pyproject.toml
#
annotated-types==0.8.0
    # via pydantic
anyio==4.14.2
    # via
    #   httpx
    #   httpx2
    #   langsmith
    #   openai
certifi==2026.7.22
    # via
    #   httpcore
    #   httpx
    #   langchain-openai
    #   requests
charset-normalizer==3.5.1
    # via requests
colorama==0.4.6
    # via pytest
coverage==7.16.0
    # via quant-agent (pyproject.toml)
distro==1.9.0
    # via langsmith
exceptiongroup==1.3.1
    # via
    #   anyio
    #   pytest
h11==0.16.0
    # via
    #   httpcore
    #   httpcore2
httpcore==1.0.9
    # via httpx
httpcore2==2.12.0
    # via httpx2
httpx==0.28.1
    # via
    #   langchain-core
    #   langgraph-sdk
    #   langsmith
httpx2==2.12.0
    # via openai
idna==3.19
    # via
    #   anyio
    #   httpx
    #   httpx2
    #   requests
iniconfig==2.3.0
    # via pytest
jiter==0.16.0
    # via openai
jsonpatch==1.33
    # via langchain-core
jsonpointer==3.1.1
    # via jsonpatch
langchain-core==1.6.1
    # via
    #   langchain-openai
    #   langgraph
    #   langgraph-checkpoint
    #   langgraph-prebuilt
    #   langgraph-sdk
    #   quant-agent (pyproject.toml)
langchain-openai==1.6.0
    # via quant-agent (pyproject.toml)
langchain-protocol==0.0.19
    # via
    #   langchain-core
    #   langgraph-sdk
langgraph==1.2.11
    # via quant-agent (pyproject.toml)
langgraph-checkpoint==4.2.0
    # via
    #   langgraph
    #   langgraph-prebuilt
langgraph-prebuilt==1.1.0
    # via langgraph
langgraph-sdk==0.4.4
    # via langgraph
langsmith==0.11.2
    # via langchain-core
numpy==2.2.6
    # via
    #   -c requirements-constraints.txt
    #   pandas
    #   quant-lab
openai==3.6.0
    # via langchain-openai
orjson==3.12.0
    # via
    #   langgraph-sdk
    #   langsmith
ormsgpack==1.12.2
    # via langgraph-checkpoint
packaging==26.3
    # via
    #   langchain-core
    #   langsmith
    #   pytest
    #   quant-workspace
pandas==2.3.3
    # via
    #   -c requirements-constraints.txt
    #   quant-agent (pyproject.toml)
    #   quant-lab
pluggy==1.6.0
    # via pytest
pyarrow==25.0.1
    # via quant-lab
pydantic==2.13.5
    # via
    #   langchain-core
    #   langgraph
    #   langsmith
    #   openai
pydantic-core==2.46.5
    # via pydantic
pygments==2.21.0
    # via pytest
pytest==9.1.1
    # via quant-agent (pyproject.toml)
python-dateutil==2.9.0.post0
    # via pandas
pytz==2026.3.post1
    # via pandas
pyyaml==6.0.3
    # via
    #   langchain-core
    #   quant-agent (pyproject.toml)
    #   quant-lab
    #   quant-workspace
quant-lab @ git+https://github.com/PureSaber/quant-lab.git@v0.3.1
    # via quant-agent (pyproject.toml)
quant-workspace @ git+https://github.com/PureSaber/quant-workspace.git@v0.2.0
    # via quant-agent (pyproject.toml)
regex==2026.7.19
    # via tiktoken
requests==2.34.2
    # via
    #   langsmith
    #   requests-toolbelt
    #   tiktoken
requests-toolbelt==1.0.0
    # via langsmith
ruff==0.16.5
    # via quant-agent (pyproject.toml)
six==1.17.0
    # via python-dateutil
sniffio==1.3.1
    # via
    #   langsmith
    #   openai
tenacity==9.1.4
    # via langchain-core
tiktoken==0.14.0
    # via langchain-openai
tomli==2.4.1 ; python_version < "3.11"
    # via
    #   pytest
    #   quant-agent (pyproject.toml)
    #   quant-workspace
truststore==0.10.4
    # via
    #   httpcore2
    #   httpx2
typing-extensions==4.16.0
    # via
    #   anyio
    #   exceptiongroup
    #   httpx2
    #   langchain-core
    #   langchain-protocol
    #   langsmith
    #   openai
    #   pydantic
    #   pydantic-core
    #   typing-inspection
typing-inspection==0.4.4
    # via pydantic
tzdata==2026.3
    # via pandas
urllib3==2.7.0
    # via requests
uuid-utils==0.17.0
    # via
    #   langchain-core
    #   langsmith
websockets==16.1.1
    # via
    #   langgraph-sdk
    #   langsmith
xxhash==4.0.1
    # via
    #   langgraph
    #   langsmith
zstandard==0.25.0
    # via langsmith

# The following packages are considered to be unsafe in a requirements file:
setuptools==84.0.0
    # via quant-agent (pyproject.toml::build-system.requires)
